
Microsoft Visual Studio Solution File, Format Version 12.00
# Visual Studio 15
Project("{FAE04EC0-301F-11D3-BF4B-00C04F79EFBC}") = "ThreeDPerceptionStudy", "ThreeDPerceptionStudy.csproj", "{D5B66881-94BE-585B-8862-E1F6C621968D}"
EndProject
Project("{FAE04EC0-301F-11D3-BF4B-00C04F79EFBC}") = "ThreeDPerceptionStudy.Editor", "ThreeDPerceptionStudy.Editor.csproj", "{C2E2A85C-C032-635C-6BF0-217DA1A9752F}"
EndProject
Global
	GlobalSection(SolutionConfigurationPlatforms) = preSolution
		Debug|Any CPU = Debug|Any CPU
		Release|Any CPU = Release|Any CPU
	EndGlobalSection
	GlobalSection(ProjectConfigurationPlatforms) = postSolution
		{D5B66881-94BE-585B-8862-E1F6C621968D}.Debug|Any CPU.ActiveCfg = Debug|Any CPU
		{D5B66881-94BE-585B-8862-E1F6C621968D}.Debug|Any CPU.Build.0 = Debug|Any CPU
		{D5B66881-94BE-585B-8862-E1F6C621968D}.Release|Any CPU.ActiveCfg = Release|Any CPU
		{D5B66881-94BE-585B-8862-E1F6C621968D}.Release|Any CPU.Build.0 = Release|Any CPU
		{C2E2A85C-C032-635C-6BF0-217DA1A9752F}.Debug|Any CPU.ActiveCfg = Debug|Any CPU
		{C2E2A85C-C032-635C-6BF0-217DA1A9752F}.Debug|Any CPU.Build.0 = Debug|Any CPU
		{C2E2A85C-C032-635C-6BF0-217DA1A9752F}.Release|Any CPU.ActiveCfg = Release|Any CPU
		{C2E2A85C-C032-635C-6BF0-217DA1A9752F}.Release|Any CPU.Build.0 = Release|Any CPU
	EndGlobalSection
	GlobalSection(SolutionProperties) = preSolution
		HideSolutionNode = FALSE
	EndGlobalSection
EndGlobal
